// !$*UTF8*$!
{
	archiveVersion = 1;
	classes = {
	};
	objectVersion = 51;
	objects = {

/* Begin PBXBuildFile section */
		3D47E6943E2DFC86213E970D /* Pods_City_Guides_City_GuidesUITests.framework in Frameworks */ = {isa = PBXBuildFile; fileRef = 6512CF9807C849B77889097C /* Pods_City_Guides_City_GuidesUITests.framework */; };
		5D3E17F11FFC34E46516DCE4 /* Pods_City_GuidesTests.framework in Frameworks */ = {isa = PBXBuildFile; fileRef = 5CC278FDC202E04E96202D5C /* Pods_City_GuidesTests.framework */; };
		7927A196258FA65D00D6ABC6 /* WeatherAPI.swift in Sources */ = {isa = PBXBuildFile; fileRef = 7927A195258FA65D00D6ABC6 /* WeatherAPI.swift */; };
		7927A19B258FA81F00D6ABC6 /* Weather.swift in Sources */ = {isa = PBXBuildFile; fileRef = 7927A19A258FA81F00D6ABC6 /* Weather.swift */; };
		7927A1A0258FC0EB00D6ABC6 /* WeatherRequest.swift in Sources */ = {isa = PBXBuildFile; fileRef = 7927A19F258FC0EB00D6ABC6 /* WeatherRequest.swift */; };
		792C03E5258C1AD5008FB32F /* LocationManager.swift in Sources */ = {isa = PBXBuildFile; fileRef = 792C03E4258C1AD5008FB32F /* LocationManager.swift */; };
		792C03EA258C2001008FB32F /* Business.swift in Sources */ = {isa = PBXBuildFile; fileRef = 792C03E9258C2001008FB32F /* Business.swift */; };
		792C03EF258C209A008FB32F /* YelpAPI.swift in Sources */ = {isa = PBXBuildFile; fileRef = 792C03EE258C2099008FB32F /* YelpAPI.swift */; };
		792C03FD258C2747008FB32F /* YelpRequests.swift in Sources */ = {isa = PBXBuildFile; fileRef = 792C03FC258C2747008FB32F /* YelpRequests.swift */; };
		792C040E258C37F4008FB32F /* dark.json in Resources */ = {isa = PBXBuildFile; fileRef = 792C040D258C37F4008FB32F /* dark.json */; };
		792C041B258CF7D3008FB32F /* BusinessesViewController.swift in Sources */ = {isa = PBXBuildFile; fileRef = 792C041A258CF7D3008FB32F /* BusinessesViewController.swift */; };
		792C0421258D1D07008FB32F /* Extensions.swift in Sources */ = {isa = PBXBuildFile; fileRef = 792C0420258D1D07008FB32F /* Extensions.swift */; };
		792C0426258D2070008FB32F /* CollectionViewCell.swift in Sources */ = {isa = PBXBuildFile; fileRef = 792C0425258D2070008FB32F /* CollectionViewCell.swift */; };
		792C0439258ED165008FB32F /* BusinessDetailsViewController.swift in Sources */ = {isa = PBXBuildFile; fileRef = 792C0438258ED164008FB32F /* BusinessDetailsViewController.swift */; };
		794E493E258C0FB500BD1FE1 /* AppDelegate.swift in Sources */ = {isa = PBXBuildFile; fileRef = 794E493D258C0FB500BD1FE1 /* AppDelegate.swift */; };
		794E4940258C0FB500BD1FE1 /* SceneDelegate.swift in Sources */ = {isa = PBXBuildFile; fileRef = 794E493F258C0FB500BD1FE1 /* SceneDelegate.swift */; };
		794E4942258C0FB500BD1FE1 /* MapViewController.swift in Sources */ = {isa = PBXBuildFile; fileRef = 794E4941258C0FB500BD1FE1 /* MapViewController.swift */; };
		794E4945258C0FB500BD1FE1 /* Main.storyboard in Resources */ = {isa = PBXBuildFile; fileRef = 794E4943258C0FB500BD1FE1 /* Main.storyboard */; };
		794E4947258C0FBB00BD1FE1 /* Assets.xcassets in Resources */ = {isa = PBXBuildFile; fileRef = 794E4946258C0FBB00BD1FE1 /* Assets.xcassets */; };
		794E494A258C0FBB00BD1FE1 /* LaunchScreen.storyboard in Resources */ = {isa = PBXBuildFile; fileRef = 794E4948258C0FBB00BD1FE1 /* LaunchScreen.storyboard */; };
		794E4955258C0FBB00BD1FE1 /* City_GuidesTests.swift in Sources */ = {isa = PBXBuildFile; fileRef = 794E4954258C0FBB00BD1FE1 /* City_GuidesTests.swift */; };
		794E4960258C0FBB00BD1FE1 /* City_GuidesUITests.swift in Sources */ = {isa = PBXBuildFile; fileRef = 794E495F258C0FBB00BD1FE1 /* City_GuidesUITests.swift */; };
		79F9891C258F154500463EA9 /* WeatherCollectionViewCell.swift in Sources */ = {isa = PBXBuildFile; fileRef = 79F9891B258F154500463EA9 /* WeatherCollectionViewCell.swift */; };
		DA045DA3DBA1DC967F972CD2 /* Pods_City_Guides.framework in Frameworks */ = {isa = PBXBuildFile; fileRef = 51CA0BE9DF829BBEA99A708B /* Pods_City_Guides.framework */; };
/* End PBXBuildFile section */

/* Begin PBXContainerItemProxy section */
		794E4951258C0FBB00BD1FE1 /* PBXContainerItemProxy */ = {
			isa = PBXContainerItemProxy;
			containerPortal = 794E4932258C0FB500BD1FE1 /* Project object */;
			proxyType = 1;
			remoteGlobalIDString = 794E4939258C0FB500BD1FE1;
			remoteInfo = "City Guides";
		};
		794E495C258C0FBB00BD1FE1 /* PBXContainerItemProxy */ = {
			isa = PBXContainerItemProxy;
			containerPortal = 794E4932258C0FB500BD1FE1 /* Project object */;
			proxyType = 1;
			remoteGlobalIDString = 794E4939258C0FB500BD1FE1;
			remoteInfo = "City Guides";
		};
/* End PBXContainerItemProxy section */

/* Begin PBXFileReference section */
		00529B727D207F80CC07F8A1 /* Pods-City Guides-City GuidesUITests.debug.xcconfig */ = {isa = PBXFileReference; includeInIndex = 1; lastKnownFileType = text.xcconfig; name = "Pods-City Guides-City GuidesUITests.debug.xcconfig"; path = "Target Support Files/Pods-City Guides-City GuidesUITests/Pods-City Guides-City GuidesUITests.debug.xcconfig"; sourceTree = "<group>"; };
		033057F5314EE1C5E572E0AD /* Pods-City Guides.release.xcconfig */ = {isa = PBXFileReference; includeInIndex = 1; lastKnownFileType = text.xcconfig; name = "Pods-City Guides.release.xcconfig"; path = "Target Support Files/Pods-City Guides/Pods-City Guides.release.xcconfig"; sourceTree = "<group>"; };
		41760994A9EED7CF57F00B52 /* Pods-City Guides.debug.xcconfig */ = {isa = PBXFileReference; includeInIndex = 1; lastKnownFileType = text.xcconfig; name = "Pods-City Guides.debug.xcconfig"; path = "Target Support Files/Pods-City Guides/Pods-City Guides.debug.xcconfig"; sourceTree = "<group>"; };
		4A903540A042C464E76CE250 /* Pods-City GuidesTests.release.xcconfig */ = {isa = PBXFileReference; includeInIndex = 1; lastKnownFileType = text.xcconfig; name = "Pods-City GuidesTests.release.xcconfig"; path = "Target Support Files/Pods-City GuidesTests/Pods-City GuidesTests.release.xcconfig"; sourceTree = "<group>"; };
		51CA0BE9DF829BBEA99A708B /* Pods_City_Guides.framework */ = {isa = PBXFileReference; explicitFileType = wrapper.framework; includeInIndex = 0; path = Pods_City_Guides.framework; sourceTree = BUILT_PRODUCTS_DIR; };
		5CC278FDC202E04E96202D5C /* Pods_City_GuidesTests.framework */ = {isa = PBXFileReference; explicitFileType = wrapper.framework; includeInIndex = 0; path = Pods_City_GuidesTests.framework; sourceTree = BUILT_PRODUCTS_DIR; };
		5F3C89BCC99AE510F8191E96 /* Pods-City Guides-City GuidesUITests.release.xcconfig */ = {isa = PBXFileReference; includeInIndex = 1; lastKnownFileType = text.xcconfig; name = "Pods-City Guides-City GuidesUITests.release.xcconfig"; path = "Target Support Files/Pods-City Guides-City GuidesUITests/Pods-City Guides-City GuidesUITests.release.xcconfig"; sourceTree = "<group>"; };
		6512CF9807C849B77889097C /* Pods_City_Guides_City_GuidesUITests.framework */ = {isa = PBXFileReference; explicitFileType = wrapper.framework; includeInIndex = 0; path = Pods_City_Guides_City_GuidesUITests.framework; sourceTree = BUILT_PRODUCTS_DIR; };
		7927A195258FA65D00D6ABC6 /* WeatherAPI.swift */ = {isa = PBXFileReference; lastKnownFileType = sourcecode.swift; path = WeatherAPI.swift; sourceTree = "<group>"; };
		7927A19A258FA81F00D6ABC6 /* Weather.swift */ = {isa = PBXFileReference; lastKnownFileType = sourcecode.swift; path = Weather.swift; sourceTree = "<group>"; };
		7927A19F258FC0EB00D6ABC6 /* WeatherRequest.swift */ = {isa = PBXFileReference; lastKnownFileType = sourcecode.swift; path = WeatherRequest.swift; sourceTree = "<group>"; };
		792C03E4258C1AD5008FB32F /* LocationManager.swift */ = {isa = PBXFileReference; fileEncoding = 4; lastKnownFileType = sourcecode.swift; path = LocationManager.swift; sourceTree = "<group>"; };
		792C03E9258C2001008FB32F /* Business.swift */ = {isa = PBXFileReference; lastKnownFileType = sourcecode.swift; path = Business.swift; sourceTree = "<group>"; };
		792C03EE258C2099008FB32F /* YelpAPI.swift */ = {isa = PBXFileReference; lastKnownFileType = sourcecode.swift; path = YelpAPI.swift; sourceTree = "<group>"; };
		792C03FC258C2747008FB32F /* YelpRequests.swift */ = {isa = PBXFileReference; lastKnownFileType = sourcecode.swift; path = YelpRequests.swift; sourceTree = "<group>"; };
		792C040D258C37F4008FB32F /* dark.json */ = {isa = PBXFileReference; fileEncoding = 4; lastKnownFileType = text.json; path = dark.json; sourceTree = "<group>"; };
		792C041A258CF7D3008FB32F /* BusinessesViewController.swift */ = {isa = PBXFileReference; lastKnownFileType = sourcecode.swift; path = BusinessesViewController.swift; sourceTree = "<group>"; };
		792C0420258D1D07008FB32F /* Extensions.swift */ = {isa = PBXFileReference; lastKnownFileType = sourcecode.swift; path = Extensions.swift; sourceTree = "<group>"; };
		792C0425258D2070008FB32F /* CollectionViewCell.swift */ = {isa = PBXFileReference; lastKnownFileType = sourcecode.swift; path = CollectionViewCell.swift; sourceTree = "<group>"; };
		792C0438258ED164008FB32F /* BusinessDetailsViewController.swift */ = {isa = PBXFileReference; lastKnownFileType = sourcecode.swift; path = BusinessDetailsViewController.swift; sourceTree = "<group>"; };
		794E493A258C0FB500BD1FE1 /* City Guides.app */ = {isa = PBXFileReference; explicitFileType = wrapper.application; includeInIndex = 0; path = "City Guides.app"; sourceTree = BUILT_PRODUCTS_DIR; };
		794E493D258C0FB500BD1FE1 /* AppDelegate.swift */ = {isa = PBXFileReference; lastKnownFileType = sourcecode.swift; path = AppDelegate.swift; sourceTree = "<group>"; };
		794E493F258C0FB500BD1FE1 /* SceneDelegate.swift */ = {isa = PBXFileReference; lastKnownFileType = sourcecode.swift; path = SceneDelegate.swift; sourceTree = "<group>"; };
		794E4941258C0FB500BD1FE1 /* MapViewController.swift */ = {isa = PBXFileReference; lastKnownFileType = sourcecode.swift; path = MapViewController.swift; sourceTree = "<group>"; };
		794E4944258C0FB500BD1FE1 /* Base */ = {isa = PBXFileReference; lastKnownFileType = file.storyboard; name = Base; path = Base.lproj/Main.storyboard; sourceTree = "<group>"; };
		794E4946258C0FBB00BD1FE1 /* Assets.xcassets */ = {isa = PBXFileReference; lastKnownFileType = folder.assetcatalog; path = Assets.xcassets; sourceTree = "<group>"; };
		794E4949258C0FBB00BD1FE1 /* Base */ = {isa = PBXFileReference; lastKnownFileType = file.storyboard; name = Base; path = Base.lproj/LaunchScreen.storyboard; sourceTree = "<group>"; };
		794E494B258C0FBB00BD1FE1 /* Info.plist */ = {isa = PBXFileReference; lastKnownFileType = text.plist.xml; path = Info.plist; sourceTree = "<group>"; };
		794E4950258C0FBB00BD1FE1 /* City GuidesTests.xctest */ = {isa = PBXFileReference; explicitFileType = wrapper.cfbundle; includeInIndex = 0; path = "City GuidesTests.xctest"; sourceTree = BUILT_PRODUCTS_DIR; };
		794E4954258C0FBB00BD1FE1 /* City_GuidesTests.swift */ = {isa = PBXFileReference; lastKnownFileType = sourcecode.swift; path = City_GuidesTests.swift; sourceTree = "<group>"; };
		794E4956258C0FBB00BD1FE1 /* Info.plist */ = {isa = PBXFileReference; lastKnownFileType = text.plist.xml; path = Info.plist; sourceTree = "<group>"; };
		794E495B258C0FBB00BD1FE1 /* City GuidesUITests.xctest */ = {isa = PBXFileReference; explicitFileType = wrapper.cfbundle; includeInIndex = 0; path = "City GuidesUITests.xctest"; sourceTree = BUILT_PRODUCTS_DIR; };
		794E495F258C0FBB00BD1FE1 /* City_GuidesUITests.swift */ = {isa = PBXFileReference; lastKnownFileType = sourcecode.swift; path = City_GuidesUITests.swift; sourceTree = "<group>"; };
		794E4961258C0FBB00BD1FE1 /* Info.plist */ = {isa = PBXFileReference; lastKnownFileType = text.plist.xml; path = Info.plist; sourceTree = "<group>"; };
		79F9891B258F154500463EA9 /* WeatherCollectionViewCell.swift */ = {isa = PBXFileReference; lastKnownFileType = sourcecode.swift; path = WeatherCollectionViewCell.swift; sourceTree = "<group>"; };
		D33E7CDE5A4DB98250209C24 /* Pods-City GuidesTests.debug.xcconfig */ = {isa = PBXFileReference; includeInIndex = 1; lastKnownFileType = text.xcconfig; name = "Pods-City GuidesTests.debug.xcconfig"; path = "Target Support Files/Pods-City GuidesTests/Pods-City GuidesTests.debug.xcconfig"; sourceTree = "<group>"; };
/* End PBXFileReference section */

/* Begin PBXFrameworksBuildPhase section */
		794E4937258C0FB500BD1FE1 /* Frameworks */ = {
			isa = PBXFrameworksBuildPhase;
			buildActionMask = 2147483647;
			files = (
				DA045DA3DBA1DC967F972CD2 /* Pods_City_Guides.framework in Frameworks */,
			);
			runOnlyForDeploymentPostprocessing = 0;
		};
		794E494D258C0FBB00BD1FE1 /* Frameworks */ = {
			isa = PBXFrameworksBuildPhase;
			buildActionMask = 2147483647;
			files = (
				5D3E17F11FFC34E46516DCE4 /* Pods_City_GuidesTests.framework in Frameworks */,
			);
			runOnlyForDeploymentPostprocessing = 0;
		};
		794E4958258C0FBB00BD1FE1 /* Frameworks */ = {
			isa = PBXFrameworksBuildPhase;
			buildActionMask = 2147483647;
			files = (
				3D47E6943E2DFC86213E970D /* Pods_City_Guides_City_GuidesUITests.framework in Frameworks */,
			);
			runOnlyForDeploymentPostprocessing = 0;
		};
/* End PBXFrameworksBuildPhase section */

/* Begin PBXGroup section */
		2A1EF3D6221740E6D570D910 /* Frameworks */ = {
			isa = PBXGroup;
			children = (
				51CA0BE9DF829BBEA99A708B /* Pods_City_Guides.framework */,
				6512CF9807C849B77889097C /* Pods_City_Guides_City_GuidesUITests.framework */,
				5CC278FDC202E04E96202D5C /* Pods_City_GuidesTests.framework */,
			);
			name = Frameworks;
			sourceTree = "<group>";
		};
		5604F649E5503407B6C792DC /* Pods */ = {
			isa = PBXGroup;
			children = (
				41760994A9EED7CF57F00B52 /* Pods-City Guides.debug.xcconfig */,
				033057F5314EE1C5E572E0AD /* Pods-City Guides.release.xcconfig */,
				00529B727D207F80CC07F8A1 /* Pods-City Guides-City GuidesUITests.debug.xcconfig */,
				5F3C89BCC99AE510F8191E96 /* Pods-City Guides-City GuidesUITests.release.xcconfig */,
				D33E7CDE5A4DB98250209C24 /* Pods-City GuidesTests.debug.xcconfig */,
				4A903540A042C464E76CE250 /* Pods-City GuidesTests.release.xcconfig */,
			);
			path = Pods;
			sourceTree = "<group>";
		};
		792C042B258D788D008FB32F /* Extensions */ = {
			isa = PBXGroup;
			children = (
				792C0420258D1D07008FB32F /* Extensions.swift */,
			);
			path = Extensions;
			sourceTree = "<group>";
		};
		794E4931258C0FB500BD1FE1 = {
			isa = PBXGroup;
			children = (
				794E493C258C0FB500BD1FE1 /* City Guides */,
				794E4953258C0FBB00BD1FE1 /* City GuidesTests */,
				794E495E258C0FBB00BD1FE1 /* City GuidesUITests */,
				794E493B258C0FB500BD1FE1 /* Products */,
				5604F649E5503407B6C792DC /* Pods */,
				2A1EF3D6221740E6D570D910 /* Frameworks */,
			);
			sourceTree = "<group>";
		};
		794E493B258C0FB500BD1FE1 /* Products */ = {
			isa = PBXGroup;
			children = (
				794E493A258C0FB500BD1FE1 /* City Guides.app */,
				794E4950258C0FBB00BD1FE1 /* City GuidesTests.xctest */,
				794E495B258C0FBB00BD1FE1 /* City GuidesUITests.xctest */,
			);
			name = Products;
			sourceTree = "<group>";
		};
		794E493C258C0FB500BD1FE1 /* City Guides */ = {
			isa = PBXGroup;
			children = (
				794E493D258C0FB500BD1FE1 /* AppDelegate.swift */,
				794E493F258C0FB500BD1FE1 /* SceneDelegate.swift */,
				792C040D258C37F4008FB32F /* dark.json */,
				792C042B258D788D008FB32F /* Extensions */,
				794E497D258C108300BD1FE1 /* Helpers */,
				794E497C258C107A00BD1FE1 /* Networking */,
				794E497B258C107400BD1FE1 /* Views */,
				794E497A258C106B00BD1FE1 /* Models */,
				794E4979258C106100BD1FE1 /* Controllers */,
			);
			path = "City Guides";
			sourceTree = "<group>";
		};
		794E4953258C0FBB00BD1FE1 /* City GuidesTests */ = {
			isa = PBXGroup;
			children = (
				794E4954258C0FBB00BD1FE1 /* City_GuidesTests.swift */,
				794E4956258C0FBB00BD1FE1 /* Info.plist */,
			);
			path = "City GuidesTests";
			sourceTree = "<group>";
		};
		794E495E258C0FBB00BD1FE1 /* City GuidesUITests */ = {
			isa = PBXGroup;
			children = (
				794E495F258C0FBB00BD1FE1 /* City_GuidesUITests.swift */,
				794E4961258C0FBB00BD1FE1 /* Info.plist */,
			);
			path = "City GuidesUITests";
			sourceTree = "<group>";
		};
		794E4979258C106100BD1FE1 /* Controllers */ = {
			isa = PBXGroup;
			children = (
				794E4941258C0FB500BD1FE1 /* MapViewController.swift */,
				792C041A258CF7D3008FB32F /* BusinessesViewController.swift */,
				792C0438258ED164008FB32F /* BusinessDetailsViewController.swift */,
			);
			path = Controllers;
			sourceTree = "<group>";
		};
		794E497A258C106B00BD1FE1 /* Models */ = {
			isa = PBXGroup;
			children = (
				792C03E9258C2001008FB32F /* Business.swift */,
				7927A19A258FA81F00D6ABC6 /* Weather.swift */,
			);
			path = Models;
			sourceTree = "<group>";
		};
		794E497B258C107400BD1FE1 /* Views */ = {
			isa = PBXGroup;
			children = (
				794E4943258C0FB500BD1FE1 /* Main.storyboard */,
				794E4948258C0FBB00BD1FE1 /* LaunchScreen.storyboard */,
				792C0425258D2070008FB32F /* CollectionViewCell.swift */,
				79F9891B258F154500463EA9 /* WeatherCollectionViewCell.swift */,
			);
			path = Views;
			sourceTree = "<group>";
		};
		794E497C258C107A00BD1FE1 /* Networking */ = {
			isa = PBXGroup;
			children = (
				792C03EE258C2099008FB32F /* YelpAPI.swift */,
				792C03FC258C2747008FB32F /* YelpRequests.swift */,
				7927A195258FA65D00D6ABC6 /* WeatherAPI.swift */,
				7927A19F258FC0EB00D6ABC6 /* WeatherRequest.swift */,
			);
			path = Networking;
			sourceTree = "<group>";
		};
		794E497D258C108300BD1FE1 /* Helpers */ = {
			isa = PBXGroup;
			children = (
				792C03E4258C1AD5008FB32F /* LocationManager.swift */,
				794E4946258C0FBB00BD1FE1 /* Assets.xcassets */,
				794E494B258C0FBB00BD1FE1 /* Info.plist */,
			);
			path = Helpers;
			sourceTree = "<group>";
		};
/* End PBXGroup section */

/* Begin PBXNativeTarget section */
		794E4939258C0FB500BD1FE1 /* City Guides */ = {
			isa = PBXNativeTarget;
			buildConfigurationList = 794E4964258C0FBB00BD1FE1 /* Build configuration list for PBXNativeTarget "City Guides" */;
			buildPhases = (
				1DDA7840C5B70ADFB620C392 /* [CP] Check Pods Manifest.lock */,
				794E4936258C0FB500BD1FE1 /* Sources */,
				794E4937258C0FB500BD1FE1 /* Frameworks */,
				794E4938258C0FB500BD1FE1 /* Resources */,
				2E40F162C0750AFCE697A267 /* [CP] Copy Pods Resources */,
				2F7BB6080CFEF2CC13628969 /* [CP] Embed Pods Frameworks */,
			);
			buildRules = (
			);
			dependencies = (
			);
			name = "City Guides";
			productName = "City Guides";
			productReference = 794E493A258C0FB500BD1FE1 /* City Guides.app */;
			productType = "com.apple.product-type.application";
		};
		794E494F258C0FBB00BD1FE1 /* City GuidesTests */ = {
			isa = PBXNativeTarget;
			buildConfigurationList = 794E4967258C0FBB00BD1FE1 /* Build configuration list for PBXNativeTarget "City GuidesTests" */;
			buildPhases = (
				60B19E4ACB8D4FEE227BD2F8 /* [CP] Check Pods Manifest.lock */,
				794E494C258C0FBB00BD1FE1 /* Sources */,
				794E494D258C0FBB00BD1FE1 /* Frameworks */,
				794E494E258C0FBB00BD1FE1 /* Resources */,
			);
			buildRules = (
			);
			dependencies = (
				794E4952258C0FBB00BD1FE1 /* PBXTargetDependency */,
			);
			name = "City GuidesTests";
			productName = "City GuidesTests";
			productReference = 794E4950258C0FBB00BD1FE1 /* City GuidesTests.xctest */;
			productType = "com.apple.product-type.bundle.unit-test";
		};
		794E495A258C0FBB00BD1FE1 /* City GuidesUITests */ = {
			isa = PBXNativeTarget;
			buildConfigurationList = 794E496A258C0FBB00BD1FE1 /* Build configuration list for PBXNativeTarget "City GuidesUITests" */;
			buildPhases = (
				B1A49132F52003D5C390DAB2 /* [CP] Check Pods Manifest.lock */,
				794E4957258C0FBB00BD1FE1 /* Sources */,
				794E4958258C0FBB00BD1FE1 /* Frameworks */,
				794E4959258C0FBB00BD1FE1 /* Resources */,
				56F59A92A8F0D69F7D2E89BC /* [CP] Copy Pods Resources */,
				7EAF2F79CE7FBF570948D52A /* [CP] Embed Pods Frameworks */,
			);
			buildRules = (
			);
			dependencies = (
				794E495D258C0FBB00BD1FE1 /* PBXTargetDependency */,
			);
			name = "City GuidesUITests";
			productName = "City GuidesUITests";
			productReference = 794E495B258C0FBB00BD1FE1 /* City GuidesUITests.xctest */;
			productType = "com.apple.product-type.bundle.ui-testing";
		};
/* End PBXNativeTarget section */

/* Begin PBXProject section */
		794E4932258C0FB500BD1FE1 /* Project object */ = {
			isa = PBXProject;
			attributes = {
				LastSwiftUpdateCheck = 1230;
				LastUpgradeCheck = 1230;
				TargetAttributes = {
					794E4939258C0FB500BD1FE1 = {
						CreatedOnToolsVersion = 12.3;
					};
					794E494F258C0FBB00BD1FE1 = {
						CreatedOnToolsVersion = 12.3;
						TestTargetID = 794E4939258C0FB500BD1FE1;
					};
					794E495A258C0FBB00BD1FE1 = {
						CreatedOnToolsVersion = 12.3;
						TestTargetID = 794E4939258C0FB500BD1FE1;
					};
				};
			};
			buildConfigurationList = 794E4935258C0FB500BD1FE1 /* Build configuration list for PBXProject "City Guides" */;
			compatibilityVersion = "Xcode 9.3";
			developmentRegion = en;
			hasScannedForEncodings = 0;
			knownRegions = (
				en,
				Base,
			);
			mainGroup = 794E4931258C0FB500BD1FE1;
			productRefGroup = 794E493B258C0FB500BD1FE1 /* Products */;
			projectDirPath = "";
			projectRoot = "";
			targets = (
				794E4939258C0FB500BD1FE1 /* City Guides */,
				794E494F258C0FBB00BD1FE1 /* City GuidesTests */,
				794E495A258C0FBB00BD1FE1 /* City GuidesUITests */,
			);
		};
/* End PBXProject section */

/* Begin PBXResourcesBuildPhase section */
		794E4938258C0FB500BD1FE1 /* Resources */ = {
			isa = PBXResourcesBuildPhase;
			buildActionMask = 2147483647;
			files = (
				794E494A258C0FBB00BD1FE1 /* LaunchScreen.storyboard in Resources */,
				794E4947258C0FBB00BD1FE1 /* Assets.xcassets in Resources */,
				794E4945258C0FB500BD1FE1 /* Main.storyboard in Resources */,
				792C040E258C37F4008FB32F /* dark.json in Resources */,
			);
			runOnlyForDeploymentPostprocessing = 0;
		};
		794E494E258C0FBB00BD1FE1 /* Resources */ = {
			isa = PBXResourcesBuildPhase;
			buildActionMask = 2147483647;
			files = (
			);
			runOnlyForDeploymentPostprocessing = 0;
		};
		794E4959258C0FBB00BD1FE1 /* Resources */ = {
			isa = PBXResourcesBuildPhase;
			buildActionMask = 2147483647;
			files = (
			);
			runOnlyForDeploymentPostprocessing = 0;
		};
/* End PBXResourcesBuildPhase section */

/* Begin PBXShellScriptBuildPhase section */
		1DDA7840C5B70ADFB620C392 /* [CP] Check Pods Manifest.lock */ = {
			isa = PBXShellScriptBuildPhase;
			buildActionMask = 2147483647;
			files = (
			);
			inputFileListPaths = (
			);
			inputPaths = (
				"${PODS_PODFILE_DIR_PATH}/Podfile.lock",
				"${PODS_ROOT}/Manifest.lock",
			);
			name = "[CP] Check Pods Manifest.lock";
			outputFileListPaths = (
			);
			outputPaths = (
				"$(DERIVED_FILE_DIR)/Pods-City Guides-checkManifestLockResult.txt",
			);
			runOnlyForDeploymentPostprocessing = 0;
			shellPath = /bin/sh;
			shellScript = "diff \"${PODS_PODFILE_DIR_PATH}/Podfile.lock\" \"${PODS_ROOT}/Manifest.lock\" > /dev/null\nif [ $? != 0 ] ; then\n    # print error to STDERR\n    echo \"error: The sandbox is not in sync with the Podfile.lock. Run 'pod install' or update your CocoaPods installation.\" >&2\n    exit 1\nfi\n# This output is used by Xcode 'outputs' to avoid re-running this script phase.\necho \"SUCCESS\" > \"${SCRIPT_OUTPUT_FILE_0}\"\n";
			showEnvVarsInLog = 0;
		};
		2E40F162C0750AFCE697A267 /* [CP] Copy Pods Resources */ = {
			isa = PBXShellScriptBuildPhase;
			buildActionMask = 2147483647;
			files = (
			);
			inputFileListPaths = (
				"${PODS_ROOT}/Target Support Files/Pods-City Guides/Pods-City Guides-resources-${CONFIGURATION}-input-files.xcfilelist",
			);
			name = "[CP] Copy Pods Resources";
			outputFileListPaths = (
				"${PODS_ROOT}/Target Support Files/Pods-City Guides/Pods-City Guides-resources-${CONFIGURATION}-output-files.xcfilelist",
			);
			runOnlyForDeploymentPostprocessing = 0;
			shellPath = /bin/sh;
			shellScript = "\"${PODS_ROOT}/Target Support Files/Pods-City Guides/Pods-City Guides-resources.sh\"\n";
			showEnvVarsInLog = 0;
		};
		2F7BB6080CFEF2CC13628969 /* [CP] Embed Pods Frameworks */ = {
			isa = PBXShellScriptBuildPhase;
			buildActionMask = 2147483647;
			files = (
			);
			inputFileListPaths = (
				"${PODS_ROOT}/Target Support Files/Pods-City Guides/Pods-City Guides-frameworks-${CONFIGURATION}-input-files.xcfilelist",
			);
			name = "[CP] Embed Pods Frameworks";
			outputFileListPaths = (
				"${PODS_ROOT}/Target Support Files/Pods-City Guides/Pods-City Guides-frameworks-${CONFIGURATION}-output-files.xcfilelist",
			);
			runOnlyForDeploymentPostprocessing = 0;
			shellPath = /bin/sh;
			shellScript = "\"${PODS_ROOT}/Target Support Files/Pods-City Guides/Pods-City Guides-frameworks.sh\"\n";
			showEnvVarsInLog = 0;
		};
		56F59A92A8F0D69F7D2E89BC /* [CP] Copy Pods Resources */ = {
			isa = PBXShellScriptBuildPhase;
			buildActionMask = 2147483647;
			files = (
			);
			inputFileListPaths = (
				"${PODS_ROOT}/Target Support Files/Pods-City Guides-City GuidesUITests/Pods-City Guides-City GuidesUITests-resources-${CONFIGURATION}-input-files.xcfilelist",
			);
			name = "[CP] Copy Pods Resources";
			outputFileListPaths = (
				"${PODS_ROOT}/Target Support Files/Pods-City Guides-City GuidesUITests/Pods-City Guides-City GuidesUITests-resources-${CONFIGURATION}-output-files.xcfilelist",
			);
			runOnlyForDeploymentPostprocessing = 0;
			shellPath = /bin/sh;
			shellScript = "\"${PODS_ROOT}/Target Support Files/Pods-City Guides-City GuidesUITests/Pods-City Guides-City GuidesUITests-resources.sh\"\n";
			showEnvVarsInLog = 0;
		};
		60B19E4ACB8D4FEE227BD2F8 /* [CP] Check Pods Manifest.lock */ = {
			isa = PBXShellScriptBuildPhase;
			buildActionMask = 2147483647;
			files = (
			);
			inputFileListPaths = (
			);
			inputPaths = (
				"${PODS_PODFILE_DIR_PATH}/Podfile.lock",
				"${PODS_ROOT}/Manifest.lock",
			);
			name = "[CP] Check Pods Manifest.lock";
			outputFileListPaths = (
			);
			outputPaths = (
				"$(DERIVED_FILE_DIR)/Pods-City GuidesTests-checkManifestLockResult.txt",
			);
			runOnlyForDeploymentPostprocessing = 0;
			shellPath = /bin/sh;
			shellScript = "diff \"${PODS_PODFILE_DIR_PATH}/Podfile.lock\" \"${PODS_ROOT}/Manifest.lock\" > /dev/null\nif [ $? != 0 ] ; then\n    # print error to STDERR\n    echo \"error: The sandbox is not in sync with the Podfile.lock. Run 'pod install' or update your CocoaPods installation.\" >&2\n    exit 1\nfi\n# This output is used by Xcode 'outputs' to avoid re-running this script phase.\necho \"SUCCESS\" > \"${SCRIPT_OUTPUT_FILE_0}\"\n";
			showEnvVarsInLog = 0;
		};
		7EAF2F79CE7FBF570948D52A /* [CP] Embed Pods Frameworks */ = {
			isa = PBXShellScriptBuildPhase;
			buildActionMask = 2147483647;
			files = (
			);
			inputFileListPaths = (
				"${PODS_ROOT}/Target Support Files/Pods-City Guides-City GuidesUITests/Pods-City Guides-City GuidesUITests-frameworks-${CONFIGURATION}-input-files.xcfilelist",
			);
			name = "[CP] Embed Pods Frameworks";
			outputFileListPaths = (
				"${PODS_ROOT}/Target Support Files/Pods-City Guides-City GuidesUITests/Pods-City Guides-City GuidesUITests-frameworks-${CONFIGURATION}-output-files.xcfilelist",
			);
			runOnlyForDeploymentPostprocessing = 0;
			shellPath = /bin/sh;
			shellScript = "\"${PODS_ROOT}/Target Support Files/Pods-City Guides-City GuidesUITests/Pods-City Guides-City GuidesUITests-frameworks.sh\"\n";
			showEnvVarsInLog = 0;
		};
		B1A49132F52003D5C390DAB2 /* [CP] Check Pods Manifest.lock */ = {
			isa = PBXShellScriptBuildPhase;
			buildActionMask = 2147483647;
			files = (
			);
			inputFileListPaths = (
			);
			inputPaths = (
				"${PODS_PODFILE_DIR_PATH}/Podfile.lock",
				"${PODS_ROOT}/Manifest.lock",
			);
			name = "[CP] Check Pods Manifest.lock";
			outputFileListPaths = (
			);
			outputPaths = (
				"$(DERIVED_FILE_DIR)/Pods-City Guides-City GuidesUITests-checkManifestLockResult.txt",
			);
			runOnlyForDeploymentPostprocessing = 0;
			shellPath = /bin/sh;
			shellScript = "diff \"${PODS_PODFILE_DIR_PATH}/Podfile.lock\" \"${PODS_ROOT}/Manifest.lock\" > /dev/null\nif [ $? != 0 ] ; then\n    # print error to STDERR\n    echo \"error: The sandbox is not in sync with the Podfile.lock. Run 'pod install' or update your CocoaPods installation.\" >&2\n    exit 1\nfi\n# This output is used by Xcode 'outputs' to avoid re-running this script phase.\necho \"SUCCESS\" > \"${SCRIPT_OUTPUT_FILE_0}\"\n";
			showEnvVarsInLog = 0;
		};
/* End PBXShellScriptBuildPhase section */

/* Begin PBXSourcesBuildPhase section */
		794E4936258C0FB500BD1FE1 /* Sources */ = {
			isa = PBXSourcesBuildPhase;
			buildActionMask = 2147483647;
			files = (
				792C0426258D2070008FB32F /* CollectionViewCell.swift in Sources */,
				792C03EF258C209A008FB32F /* YelpAPI.swift in Sources */,
				792C0421258D1D07008FB32F /* Extensions.swift in Sources */,
				7927A1A0258FC0EB00D6ABC6 /* WeatherRequest.swift in Sources */,
				792C03FD258C2747008FB32F /* YelpRequests.swift in Sources */,
				792C03E5258C1AD5008FB32F /* LocationManager.swift in Sources */,
				794E4942258C0FB500BD1FE1 /* MapViewController.swift in Sources */,
				7927A19B258FA81F00D6ABC6 /* Weather.swift in Sources */,
				792C041B258CF7D3008FB32F /* BusinessesViewController.swift in Sources */,
				792C0439258ED165008FB32F /* BusinessDetailsViewController.swift in Sources */,
				794E493E258C0FB500BD1FE1 /* AppDelegate.swift in Sources */,
				79F9891C258F154500463EA9 /* WeatherCollectionViewCell.swift in Sources */,
				7927A196258FA65D00D6ABC6 /* WeatherAPI.swift in Sources */,
				792C03EA258C2001008FB32F /* Business.swift in Sources */,
				794E4940258C0FB500BD1FE1 /* SceneDelegate.swift in Sources */,
			);
			runOnlyForDeploymentPostprocessing = 0;
		};
		794E494C258C0FBB00BD1FE1 /* Sources */ = {
			isa = PBXSourcesBuildPhase;
			buildActionMask = 2147483647;
			files = (
				794E4955258C0FBB00BD1FE1 /* City_GuidesTests.swift in Sources */,
			);
			runOnlyForDeploymentPostprocessing = 0;
		};
		794E4957258C0FBB00BD1FE1 /* Sources */ = {
			isa = PBXSourcesBuildPhase;
			buildActionMask = 2147483647;
			files = (
				794E4960258C0FBB00BD1FE1 /* City_GuidesUITests.swift in Sources */,
			);
			runOnlyForDeploymentPostprocessing = 0;
		};
/* End PBXSourcesBuildPhase section */

/* Begin PBXTargetDependency section */
		794E4952258C0FBB00BD1FE1 /* PBXTargetDependency */ = {
			isa = PBXTargetDependency;
			target = 794E4939258C0FB500BD1FE1 /* City Guides */;
			targetProxy = 794E4951258C0FBB00BD1FE1 /* PBXContainerItemProxy */;
		};
		794E495D258C0FBB00BD1FE1 /* PBXTargetDependency */ = {
			isa = PBXTargetDependency;
			target = 794E4939258C0FB500BD1FE1 /* City Guides */;
			targetProxy = 794E495C258C0FBB00BD1FE1 /* PBXContainerItemProxy */;
		};
/* End PBXTargetDependency section */

/* Begin PBXVariantGroup section */
		794E4943258C0FB500BD1FE1 /* Main.storyboard */ = {
			isa = PBXVariantGroup;
			children = (
				794E4944258C0FB500BD1FE1 /* Base */,
			);
			name = Main.storyboard;
			sourceTree = "<group>";
		};
		794E4948258C0FBB00BD1FE1 /* LaunchScreen.storyboard */ = {
			isa = PBXVariantGroup;
			children = (
				794E4949258C0FBB00BD1FE1 /* Base */,
			);
			name = LaunchScreen.storyboard;
			sourceTree = "<group>";
		};
/* End PBXVariantGroup section */

/* Begin XCBuildConfiguration section */
		794E4962258C0FBB00BD1FE1 /* Debug */ = {
			isa = XCBuildConfiguration;
			buildSettings = {
				ALWAYS_SEARCH_USER_PATHS = NO;
				CLANG_ANALYZER_NONNULL = YES;
				CLANG_ANALYZER_NUMBER_OBJECT_CONVERSION = YES_AGGRESSIVE;
				CLANG_CXX_LANGUAGE_STANDARD = "gnu++14";
				CLANG_CXX_LIBRARY = "libc++";
				CLANG_ENABLE_MODULES = YES;
				CLANG_ENABLE_OBJC_ARC = YES;
				CLANG_ENABLE_OBJC_WEAK = YES;
				CLANG_WARN_BLOCK_CAPTURE_AUTORELEASING = YES;
				CLANG_WARN_BOOL_CONVERSION = YES;
				CLANG_WARN_COMMA = YES;
				CLANG_WARN_CONSTANT_CONVERSION = YES;
				CLANG_WARN_DEPRECATED_OBJC_IMPLEMENTATIONS = YES;
				CLANG_WARN_DIRECT_OBJC_ISA_USAGE = YES_ERROR;
				CLANG_WARN_DOCUMENTATION_COMMENTS = YES;
				CLANG_WARN_EMPTY_BODY = YES;
				CLANG_WARN_ENUM_CONVERSION = YES;
				CLANG_WARN_INFINITE_RECURSION = YES;
				CLANG_WARN_INT_CONVERSION = YES;
				CLANG_WARN_NON_LITERAL_NULL_CONVERSION = YES;
				CLANG_WARN_OBJC_IMPLICIT_RETAIN_SELF = YES;
				CLANG_WARN_OBJC_LITERAL_CONVERSION = YES;
				CLANG_WARN_OBJC_ROOT_CLASS = YES_ERROR;
				CLANG_WARN_QUOTED_INCLUDE_IN_FRAMEWORK_HEADER = YES;
				CLANG_WARN_RANGE_LOOP_ANALYSIS = YES;
				CLANG_WARN_STRICT_PROTOTYPES = YES;
				CLANG_WARN_SUSPICIOUS_MOVE = YES;
				CLANG_WARN_UNGUARDED_AVAILABILITY = YES_AGGRESSIVE;
				CLANG_WARN_UNREACHABLE_CODE = YES;
				CLANG_WARN__DUPLICATE_METHOD_MATCH = YES;
				COPY_PHASE_STRIP = NO;
				DEBUG_INFORMATION_FORMAT = dwarf;
				ENABLE_STRICT_OBJC_MSGSEND = YES;
				ENABLE_TESTABILITY = YES;
				GCC_C_LANGUAGE_STANDARD = gnu11;
				GCC_DYNAMIC_NO_PIC = NO;
				GCC_NO_COMMON_BLOCKS = YES;
				GCC_OPTIMIZATION_LEVEL = 0;
				GCC_PREPROCESSOR_DEFINITIONS = (
					"DEBUG=1",
					"$(inherited)",
				);
				GCC_WARN_64_TO_32_BIT_CONVERSION = YES;
				GCC_WARN_ABOUT_RETURN_TYPE = YES_ERROR;
				GCC_WARN_UNDECLARED_SELECTOR = YES;
				GCC_WARN_UNINITIALIZED_AUTOS = YES_AGGRESSIVE;
				GCC_WARN_UNUSED_FUNCTION = YES;
				GCC_WARN_UNUSED_VARIABLE = YES;
				IPHONEOS_DEPLOYMENT_TARGET = 14.0;
				MTL_ENABLE_DEBUG_INFO = INCLUDE_SOURCE;
				MTL_FAST_MATH = YES;
				ONLY_ACTIVE_ARCH = YES;
				SDKROOT = iphoneos;
				SWIFT_ACTIVE_COMPILATION_CONDITIONS = DEBUG;
				SWIFT_OPTIMIZATION_LEVEL = "-Onone";
			};
			name = Debug;
		};
		794E4963258C0FBB00BD1FE1 /* Release */ = {
			isa = XCBuildConfiguration;
			buildSettings = {
				ALWAYS_SEARCH_USER_PATHS = NO;
				CLANG_ANALYZER_NONNULL = YES;
				CLANG_ANALYZER_NUMBER_OBJECT_CONVERSION = YES_AGGRESSIVE;
				CLANG_CXX_LANGUAGE_STANDARD = "gnu++14";
				CLANG_CXX_LIBRARY = "libc++";
				CLANG_ENABLE_MODULES = YES;
				CLANG_ENABLE_OBJC_ARC = YES;
				CLANG_ENABLE_OBJC_WEAK = YES;
				CLANG_WARN_BLOCK_CAPTURE_AUTORELEASING = YES;
				CLANG_WARN_BOOL_CONVERSION = YES;
				CLANG_WARN_COMMA = YES;
				CLANG_WARN_CONSTANT_CONVERSION = YES;
				CLANG_WARN_DEPRECATED_OBJC_IMPLEMENTATIONS = YES;
				CLANG_WARN_DIRECT_OBJC_ISA_USAGE = YES_ERROR;
				CLANG_WARN_DOCUMENTATION_COMMENTS = YES;
				CLANG_WARN_EMPTY_BODY = YES;
				CLANG_WARN_ENUM_CONVERSION = YES;
				CLANG_WARN_INFINITE_RECURSION = YES;
				CLANG_WARN_INT_CONVERSION = YES;
				CLANG_WARN_NON_LITERAL_NULL_CONVERSION = YES;
				CLANG_WARN_OBJC_IMPLICIT_RETAIN_SELF = YES;
				CLANG_WARN_OBJC_LITERAL_CONVERSION = YES;
				CLANG_WARN_OBJC_ROOT_CLASS = YES_ERROR;
				CLANG_WARN_QUOTED_INCLUDE_IN_FRAMEWORK_HEADER = YES;
				CLANG_WARN_RANGE_LOOP_ANALYSIS = YES;
				CLANG_WARN_STRICT_PROTOTYPES = YES;
				CLANG_WARN_SUSPICIOUS_MOVE = YES;
				CLANG_WARN_UNGUARDED_AVAILABILITY = YES_AGGRESSIVE;
				CLANG_WARN_UNREACHABLE_CODE = YES;
				CLANG_WARN__DUPLICATE_METHOD_MATCH = YES;
				COPY_PHASE_STRIP = NO;
				DEBUG_INFORMATION_FORMAT = "dwarf-with-dsym";
				ENABLE_NS_ASSERTIONS = NO;
				ENABLE_STRICT_OBJC_MSGSEND = YES;
				GCC_C_LANGUAGE_STANDARD = gnu11;
				GCC_NO_COMMON_BLOCKS = YES;
				GCC_WARN_64_TO_32_BIT_CONVERSION = YES;
				GCC_WARN_ABOUT_RETURN_TYPE = YES_ERROR;
				GCC_WARN_UNDECLARED_SELECTOR = YES;
				GCC_WARN_UNINITIALIZED_AUTOS = YES_AGGRESSIVE;
				GCC_WARN_UNUSED_FUNCTION = YES;
				GCC_WARN_UNUSED_VARIABLE = YES;
				IPHONEOS_DEPLOYMENT_TARGET = 14.0;
				MTL_ENABLE_DEBUG_INFO = NO;
				MTL_FAST_MATH = YES;
				SDKROOT = iphoneos;
				SWIFT_COMPILATION_MODE = wholemodule;
				SWIFT_OPTIMIZATION_LEVEL = "-O";
				VALIDATE_PRODUCT = YES;
			};
			name = Release;
		};
		794E4965258C0FBB00BD1FE1 /* Debug */ = {
			isa = XCBuildConfiguration;
			baseConfigurationReference = 41760994A9EED7CF57F00B52 /* Pods-City Guides.debug.xcconfig */;
			buildSettings = {
				ASSETCATALOG_COMPILER_APPICON_NAME = AppIcon;
				ASSETCATALOG_COMPILER_GLOBAL_ACCENT_COLOR_NAME = AccentColor;
				CODE_SIGN_STYLE = Automatic;
				DEVELOPMENT_TEAM = 99K8BD8AP7;
				INFOPLIST_FILE = "City Guides/Helpers/Info.plist";
				IPHONEOS_DEPLOYMENT_TARGET = 14.0;
				LD_RUNPATH_SEARCH_PATHS = (
					"$(inherited)",
					"@executable_path/Frameworks",
				);
				PRODUCT_BUNDLE_IDENTIFIER = "thekra.City-Guides";
				PRODUCT_NAME = "$(TARGET_NAME)";
				SWIFT_VERSION = 5.0;
				TARGETED_DEVICE_FAMILY = 1;
			};
			name = Debug;
		};
		794E4966258C0FBB00BD1FE1 /* Release */ = {
			isa = XCBuildConfiguration;
			baseConfigurationReference = 033057F5314EE1C5E572E0AD /* Pods-City Guides.release.xcconfig */;
			buildSettings = {
				ASSETCATALOG_COMPILER_APPICON_NAME = AppIcon;
				ASSETCATALOG_COMPILER_GLOBAL_ACCENT_COLOR_NAME = AccentColor;
				CODE_SIGN_STYLE = Automatic;
				DEVELOPMENT_TEAM = 99K8BD8AP7;
				INFOPLIST_FILE = "City Guides/Helpers/Info.plist";
				IPHONEOS_DEPLOYMENT_TARGET = 14.0;
				LD_RUNPATH_SEARCH_PATHS = (
					"$(inherited)",
					"@executable_path/Frameworks",
				);
				PRODUCT_BUNDLE_IDENTIFIER = "thekra.City-Guides";
				PRODUCT_NAME = "$(TARGET_NAME)";
				SWIFT_VERSION = 5.0;
				TARGETED_DEVICE_FAMILY = 1;
			};
			name = Release;
		};
		794E4968258C0FBB00BD1FE1 /* Debug */ = {
			isa = XCBuildConfiguration;
			baseConfigurationReference = D33E7CDE5A4DB98250209C24 /* Pods-City GuidesTests.debug.xcconfig */;
			buildSettings = {
				ALWAYS_EMBED_SWIFT_STANDARD_LIBRARIES = YES;
				BUNDLE_LOADER = "$(TEST_HOST)";
				CODE_SIGN_STYLE = Automatic;
				DEVELOPMENT_TEAM = 99K8BD8AP7;
				INFOPLIST_FILE = "City GuidesTests/Info.plist";
				IPHONEOS_DEPLOYMENT_TARGET = 14.3;
				LD_RUNPATH_SEARCH_PATHS = (
					"$(inherited)",
					"@executable_path/Frameworks",
					"@loader_path/Frameworks",
				);
				PRODUCT_BUNDLE_IDENTIFIER = "thekra.City-GuidesTests";
				PRODUCT_NAME = "$(TARGET_NAME)";
				SWIFT_VERSION = 5.0;
				TARGETED_DEVICE_FAMILY = "1,2";
				TEST_HOST = "$(BUILT_PRODUCTS_DIR)/City Guides.app/City Guides";
			};
			name = Debug;
		};
		794E4969258C0FBB00BD1FE1 /* Release */ = {
			isa = XCBuildConfiguration;
			baseConfigurationReference = 4A903540A042C464E76CE250 /* Pods-City GuidesTests.release.xcconfig */;
			buildSettings = {
				ALWAYS_EMBED_SWIFT_STANDARD_LIBRARIES = YES;
				BUNDLE_LOADER = "$(TEST_HOST)";
				CODE_SIGN_STYLE = Automatic;
				DEVELOPMENT_TEAM = 99K8BD8AP7;
				INFOPLIST_FILE = "City GuidesTests/Info.plist";
				IPHONEOS_DEPLOYMENT_TARGET = 14.3;
				LD_RUNPATH_SEARCH_PATHS = (
					"$(inherited)",
					"@executable_path/Frameworks",
					"@loader_path/Frameworks",
				);
				PRODUCT_BUNDLE_IDENTIFIER = "thekra.City-GuidesTests";
				PRODUCT_NAME = "$(TARGET_NAME)";
				SWIFT_VERSION = 5.0;
				TARGETED_DEVICE_FAMILY = "1,2";
				TEST_HOST = "$(BUILT_PRODUCTS_DIR)/City Guides.app/City Guides";
			};
			name = Release;
		};
		794E496B258C0FBB00BD1FE1 /* Debug */ = {
			isa = XCBuildConfiguration;
			baseConfigurationReference = 00529B727D207F80CC07F8A1 /* Pods-City Guides-City GuidesUITests.debug.xcconfig */;
			buildSettings = {
				ALWAYS_EMBED_SWIFT_STANDARD_LIBRARIES = YES;
				CODE_SIGN_STYLE = Automatic;
				DEVELOPMENT_TEAM = 99K8BD8AP7;
				INFOPLIST_FILE = "City GuidesUITests/Info.plist";
				LD_RUNPATH_SEARCH_PATHS = (
					"$(inherited)",
					"@executable_path/Frameworks",
					"@loader_path/Frameworks",
				);
				PRODUCT_BUNDLE_IDENTIFIER = "thekra.City-GuidesUITests";
				PRODUCT_NAME = "$(TARGET_NAME)";
				SWIFT_VERSION = 5.0;
				TARGETED_DEVICE_FAMILY = "1,2";
				TEST_TARGET_NAME = "City Guides";
			};
			name = Debug;
		};
		794E496C258C0FBB00BD1FE1 /* Release */ = {
			isa = XCBuildConfiguration;
			baseConfigurationReference = 5F3C89BCC99AE510F8191E96 /* Pods-City Guides-City GuidesUITests.release.xcconfig */;
			buildSettings = {
				ALWAYS_EMBED_SWIFT_STANDARD_LIBRARIES = YES;
				CODE_SIGN_STYLE = Automatic;
				DEVELOPMENT_TEAM = 99K8BD8AP7;
				INFOPLIST_FILE = "City GuidesUITests/Info.plist";
				LD_RUNPATH_SEARCH_PATHS = (
					"$(inherited)",
					"@executable_path/Frameworks",
					"@loader_path/Frameworks",
				);
				PRODUCT_BUNDLE_IDENTIFIER = "thekra.City-GuidesUITests";
				PRODUCT_NAME = "$(TARGET_NAME)";
				SWIFT_VERSION = 5.0;
				TARGETED_DEVICE_FAMILY = "1,2";
				TEST_TARGET_NAME = "City Guides";
			};
			name = Release;
		};
/* End XCBuildConfiguration section */

/* Begin XCConfigurationList section */
		794E4935258C0FB500BD1FE1 /* Build configuration list for PBXProject "City Guides" */ = {
			isa = XCConfigurationList;
			buildConfigurations = (
				794E4962258C0FBB00BD1FE1 /* Debug */,
				794E4963258C0FBB00BD1FE1 /* Release */,
			);
			defaultConfigurationIsVisible = 0;
			defaultConfigurationName = Release;
		};
		794E4964258C0FBB00BD1FE1 /* Build configuration list for PBXNativeTarget "City Guides" */ = {
			isa = XCConfigurationList;
			buildConfigurations = (
				794E4965258C0FBB00BD1FE1 /* Debug */,
				794E4966258C0FBB00BD1FE1 /* Release */,
			);
			defaultConfigurationIsVisible = 0;
			defaultConfigurationName = Release;
		};
		794E4967258C0FBB00BD1FE1 /* Build configuration list for PBXNativeTarget "City GuidesTests" */ = {
			isa = XCConfigurationList;
			buildConfigurations = (
				794E4968258C0FBB00BD1FE1 /* Debug */,
				794E4969258C0FBB00BD1FE1 /* Release */,
			);
			defaultConfigurationIsVisible = 0;
			defaultConfigurationName = Release;
		};
		794E496A258C0FBB00BD1FE1 /* Build configuration list for PBXNativeTarget "City GuidesUITests" */ = {
			isa = XCConfigurationList;
			buildConfigurations = (
				794E496B258C0FBB00BD1FE1 /* Debug */,
				794E496C258C0FBB00BD1FE1 /* Release */,
			);
			defaultConfigurationIsVisible = 0;
			defaultConfigurationName = Release;
		};
/* End XCConfigurationList section */
	};
	rootObject = 794E4932258C0FB500BD1FE1 /* Project object */;
}
